
Microsoft Visual Studio Solution File, Format Version 12.00
# Visual Studio Version 17
VisualStudioVersion = 17.7.34031.279
MinimumVisualStudioVersion = 10.0.40219.1
Project("{FAE04EC0-301F-11D3-BF4B-00C04F79EFBC}") = "calcul", "calcul.csproj", "{5533A5D5-4267-47F1-A4FF-340C1350EE48}"
EndProject
Global
	GlobalSection(SolutionConfigurationPlatforms) = preSolution
		Debug|Any CPU = Debug|Any CPU
		Release|Any CPU = Release|Any CPU
	EndGlobalSection
	GlobalSection(ProjectConfigurationPlatforms) = postSolution
		{5533A5D5-4267-47F1-A4FF-340C1350EE48}.Debug|Any CPU.ActiveCfg = Debug|Any CPU
		{5533A5D5-4267-47F1-A4FF-340C1350EE48}.Debug|Any CPU.Build.0 = Debug|Any CPU
		{5533A5D5-4267-47F1-A4FF-340C1350EE48}.Release|Any CPU.ActiveCfg = Release|Any CPU
		{5533A5D5-4267-47F1-A4FF-340C1350EE48}.Release|Any CPU.Build.0 = Release|Any CPU
	EndGlobalSection
	GlobalSection(SolutionProperties) = preSolution
		HideSolutionNode = FALSE
	EndGlobalSection
	GlobalSection(ExtensibilityGlobals) = postSolution
		SolutionGuid = {0D70451E-CE3D-46F6-A132-26D064D80E9C}
	EndGlobalSection
EndGlobal
